// !$*UTF8*$!
{
	archiveVersion = 1;
	classes = {
	};
	objectVersion = 56;
	objects = {

/* Begin PBXBuildFile section */
		89C507BA29715FE200F2409B /* AppDelegate.swift in Sources */ = {isa = PBXBuildFile; fileRef = 89C507B929715FE200F2409B /* AppDelegate.swift */; };
		89C507BC29715FE200F2409B /* SceneDelegate.swift in Sources */ = {isa = PBXBuildFile; fileRef = 89C507BB29715FE200F2409B /* SceneDelegate.swift */; };
		89C507BE29715FE200F2409B /* ViewController.swift in Sources */ = {isa = PBXBuildFile; fileRef = 89C507BD29715FE200F2409B /* ViewController.swift */; };
		89C507C129715FE200F2409B /* Main.storyboard in Resources */ = {isa = PBXBuildFile; fileRef = 89C507BF29715FE200F2409B /* Main.storyboard */; };
		89C507C329715FE300F2409B /* Assets.xcassets in Resources */ = {isa = PBXBuildFile; fileRef = 89C507C229715FE300F2409B /* Assets.xcassets */; };
		89C507C629715FE300F2409B /* LaunchScreen.storyboard in Resources */ = {isa = PBXBuildFile; fileRef = 89C507C429715FE300F2409B /* LaunchScreen.storyboard */; };
		89C507D4297161BB00F2409B /* MyTableViewCell.swift in Sources */ = {isa = PBXBuildFile; fileRef = 89C507D2297161BB00F2409B /* MyTableViewCell.swift */; };
		89C507D5297161BB00F2409B /* MyTableViewCell.xib in Resources */ = {isa = PBXBuildFile; fileRef = 89C507D3297161BB00F2409B /* MyTableViewCell.xib */; };
		89C507D82971646500F2409B /* CollectionViewCell.swift in Sources */ = {isa = PBXBuildFile; fileRef = 89C507D62971646500F2409B /* CollectionViewCell.swift */; };
		89C507D92971646500F2409B /* CollectionViewCell.xib in Resources */ = {isa = PBXBuildFile; fileRef = 89C507D72971646500F2409B /* CollectionViewCell.xib */; };
		89C507DC2971669100F2409B /* Car.swift in Sources */ = {isa = PBXBuildFile; fileRef = 89C507DB2971669100F2409B /* Car.swift */; };
/* End PBXBuildFile section */

/* Begin PBXFileReference section */
		89C507B629715FE200F2409B /* CollectionInsideTable.app */ = {isa = PBXFileReference; explicitFileType = wrapper.application; includeInIndex = 0; path = CollectionInsideTable.app; sourceTree = BUILT_PRODUCTS_DIR; };
		89C507B929715FE200F2409B /* AppDelegate.swift */ = {isa = PBXFileReference; lastKnownFileType = sourcecode.swift; path = AppDelegate.swift; sourceTree = "<group>"; };
		89C507BB29715FE200F2409B /* SceneDelegate.swift */ = {isa = PBXFileReference; lastKnownFileType = sourcecode.swift; path = SceneDelegate.swift; sourceTree = "<group>"; };
		89C507BD29715FE200F2409B /* ViewController.swift */ = {isa = PBXFileReference; lastKnownFileType = sourcecode.swift; path = ViewController.swift; sourceTree = "<group>"; };
		89C507C029715FE200F2409B /* Base */ = {isa = PBXFileReference; lastKnownFileType = file.storyboard; name = Base; path = Base.lproj/Main.storyboard; sourceTree = "<group>"; };
		89C507C229715FE300F2409B /* Assets.xcassets */ = {isa = PBXFileReference; lastKnownFileType = folder.assetcatalog; path = Assets.xcassets; sourceTree = "<group>"; };
		89C507C529715FE300F2409B /* Base */ = {isa = PBXFileReference; lastKnownFileType = file.storyboard; name = Base; path = Base.lproj/LaunchScreen.storyboard; sourceTree = "<group>"; };
		89C507C729715FE300F2409B /* Info.plist */ = {isa = PBXFileReference; lastKnownFileType = text.plist.xml; path = Info.plist; sourceTree = "<group>"; };
		89C507D2297161BB00F2409B /* MyTableViewCell.swift */ = {isa = PBXFileReference; lastKnownFileType = sourcecode.swift; path = MyTableViewCell.swift; sourceTree = "<group>"; };
		89C507D3297161BB00F2409B /* MyTableViewCell.xib */ = {isa = PBXFileReference; lastKnownFileType = file.xib; path = MyTableViewCell.xib; sourceTree = "<group>"; };
		89C507D62971646500F2409B /* CollectionViewCell.swift */ = {isa = PBXFileReference; lastKnownFileType = sourcecode.swift; path = CollectionViewCell.swift; sourceTree = "<group>"; };
		89C507D72971646500F2409B /* CollectionViewCell.xib */ = {isa = PBXFileReference; lastKnownFileType = file.xib; path = CollectionViewCell.xib; sourceTree = "<group>"; };
		89C507DB2971669100F2409B /* Car.swift */ = {isa = PBXFileReference; lastKnownFileType = sourcecode.swift; path = Car.swift; sourceTree = "<group>"; };
/* End PBXFileReference section */

/* Begin PBXFrameworksBuildPhase section */
		89C507B329715FE200F2409B /* Frameworks */ = {
			isa = PBXFrameworksBuildPhase;
			buildActionMask = 2147483647;
			files = (
			);
			runOnlyForDeploymentPostprocessing = 0;
		};
/* End PBXFrameworksBuildPhase section */

/* Begin PBXGroup section */
		89C507AD29715FE200F2409B = {
			isa = PBXGroup;
			children = (
				89C507B829715FE200F2409B /* CollectionInsideTable */,
				89C507B729715FE200F2409B /* Products */,
			);
			sourceTree = "<group>";
		};
		89C507B729715FE200F2409B /* Products */ = {
			isa = PBXGroup;
			children = (
				89C507B629715FE200F2409B /* CollectionInsideTable.app */,
			);
			name = Products;
			sourceTree = "<group>";
		};
		89C507B829715FE200F2409B /* CollectionInsideTable */ = {
			isa = PBXGroup;
			children = (
				89C507DA2971667900F2409B /* models */,
				89C507D12971604100F2409B /* view */,
				89C507D02971602900F2409B /* collections */,
				89C507CF2971601F00F2409B /* table */,
				89C507CE2971600500F2409B /* root */,
				89C507CD29715FEF00F2409B /* res */,
				89C507C729715FE300F2409B /* Info.plist */,
			);
			path = CollectionInsideTable;
			sourceTree = "<group>";
		};
		89C507CD29715FEF00F2409B /* res */ = {
			isa = PBXGroup;
			children = (
				89C507BB29715FE200F2409B /* SceneDelegate.swift */,
				89C507C229715FE300F2409B /* Assets.xcassets */,
				89C507C429715FE300F2409B /* LaunchScreen.storyboard */,
				89C507B929715FE200F2409B /* AppDelegate.swift */,
			);
			path = res;
			sourceTree = "<group>";
		};
		89C507CE2971600500F2409B /* root */ = {
			isa = PBXGroup;
			children = (
				89C507BD29715FE200F2409B /* ViewController.swift */,
			);
			path = root;
			sourceTree = "<group>";
		};
		89C507CF2971601F00F2409B /* table */ = {
			isa = PBXGroup;
			children = (
				89C507D2297161BB00F2409B /* MyTableViewCell.swift */,
				89C507D3297161BB00F2409B /* MyTableViewCell.xib */,
			);
			path = table;
			sourceTree = "<group>";
		};
		89C507D02971602900F2409B /* collections */ = {
			isa = PBXGroup;
			children = (
				89C507D62971646500F2409B /* CollectionViewCell.swift */,
				89C507D72971646500F2409B /* CollectionViewCell.xib */,
			);
			path = collections;
			sourceTree = "<group>";
		};
		89C507D12971604100F2409B /* view */ = {
			isa = PBXGroup;
			children = (
				89C507BF29715FE200F2409B /* Main.storyboard */,
			);
			path = view;
			sourceTree = "<group>";
		};
		89C507DA2971667900F2409B /* models */ = {
			isa = PBXGroup;
			children = (
				89C507DB2971669100F2409B /* Car.swift */,
			);
			path = models;
			sourceTree = "<group>";
		};
/* End PBXGroup section */

/* Begin PBXNativeTarget section */
		89C507B529715FE200F2409B /* CollectionInsideTable */ = {
			isa = PBXNativeTarget;
			buildConfigurationList = 89C507CA29715FE300F2409B /* Build configuration list for PBXNativeTarget "CollectionInsideTable" */;
			buildPhases = (
				89C507B229715FE200F2409B /* Sources */,
				89C507B329715FE200F2409B /* Frameworks */,
				89C507B429715FE200F2409B /* Resources */,
			);
			buildRules = (
			);
			dependencies = (
			);
			name = CollectionInsideTable;
			productName = CollectionInsideTable;
			productReference = 89C507B629715FE200F2409B /* CollectionInsideTable.app */;
			productType = "com.apple.product-type.application";
		};
/* End PBXNativeTarget section */

/* Begin PBXProject section */
		89C507AE29715FE200F2409B /* Project object */ = {
			isa = PBXProject;
			attributes = {
				BuildIndependentTargetsInParallel = 1;
				LastSwiftUpdateCheck = 1410;
				LastUpgradeCheck = 1410;
				TargetAttributes = {
					89C507B529715FE200F2409B = {
						CreatedOnToolsVersion = 14.1;
					};
				};
			};
			buildConfigurationList = 89C507B129715FE200F2409B /* Build configuration list for PBXProject "CollectionInsideTable" */;
			compatibilityVersion = "Xcode 14.0";
			developmentRegion = en;
			hasScannedForEncodings = 0;
			knownRegions = (
				en,
				Base,
			);
			mainGroup = 89C507AD29715FE200F2409B;
			productRefGroup = 89C507B729715FE200F2409B /* Products */;
			projectDirPath = "";
			projectRoot = "";
			targets = (
				89C507B529715FE200F2409B /* CollectionInsideTable */,
			);
		};
/* End PBXProject section */

/* Begin PBXResourcesBuildPhase section */
		89C507B429715FE200F2409B /* Resources */ = {
			isa = PBXResourcesBuildPhase;
			buildActionMask = 2147483647;
			files = (
				89C507C629715FE300F2409B /* LaunchScreen.storyboard in Resources */,
				89C507D5297161BB00F2409B /* MyTableViewCell.xib in Resources */,
				89C507C329715FE300F2409B /* Assets.xcassets in Resources */,
				89C507C129715FE200F2409B /* Main.storyboard in Resources */,
				89C507D92971646500F2409B /* CollectionViewCell.xib in Resources */,
			);
			runOnlyForDeploymentPostprocessing = 0;
		};
/* End PBXResourcesBuildPhase section */

/* Begin PBXSourcesBuildPhase section */
		89C507B229715FE200F2409B /* Sources */ = {
			isa = PBXSourcesBuildPhase;
			buildActionMask = 2147483647;
			files = (
				89C507D82971646500F2409B /* CollectionViewCell.swift in Sources */,
				89C507BE29715FE200F2409B /* ViewController.swift in Sources */,
				89C507DC2971669100F2409B /* Car.swift in Sources */,
				89C507D4297161BB00F2409B /* MyTableViewCell.swift in Sources */,
				89C507BA29715FE200F2409B /* AppDelegate.swift in Sources */,
				89C507BC29715FE200F2409B /* SceneDelegate.swift in Sources */,
			);
			runOnlyForDeploymentPostprocessing = 0;
		};
/* End PBXSourcesBuildPhase section */

/* Begin PBXVariantGroup section */
		89C507BF29715FE200F2409B /* Main.storyboard */ = {
			isa = PBXVariantGroup;
			children = (
				89C507C029715FE200F2409B /* Base */,
			);
			name = Main.storyboard;
			sourceTree = "<group>";
		};
		89C507C429715FE300F2409B /* LaunchScreen.storyboard */ = {
			isa = PBXVariantGroup;
			children = (
				89C507C529715FE300F2409B /* Base */,
			);
			name = LaunchScreen.storyboard;
			sourceTree = "<group>";
		};
/* End PBXVariantGroup section */

/* Begin XCBuildConfiguration section */
		89C507C829715FE300F2409B /* Debug */ = {
			isa = XCBuildConfiguration;
			buildSettings = {
				ALWAYS_SEARCH_USER_PATHS = NO;
				CLANG_ANALYZER_NONNULL = YES;
				CLANG_ANALYZER_NUMBER_OBJECT_CONVERSION = YES_AGGRESSIVE;
				CLANG_CXX_LANGUAGE_STANDARD = "gnu++20";
				CLANG_ENABLE_MODULES = YES;
				CLANG_ENABLE_OBJC_ARC = YES;
				CLANG_ENABLE_OBJC_WEAK = YES;
				CLANG_WARN_BLOCK_CAPTURE_AUTORELEASING = YES;
				CLANG_WARN_BOOL_CONVERSION = YES;
				CLANG_WARN_COMMA = YES;
				CLANG_WARN_CONSTANT_CONVERSION = YES;
				CLANG_WARN_DEPRECATED_OBJC_IMPLEMENTATIONS = YES;
				CLANG_WARN_DIRECT_OBJC_ISA_USAGE = YES_ERROR;
				CLANG_WARN_DOCUMENTATION_COMMENTS = YES;
				CLANG_WARN_EMPTY_BODY = YES;
				CLANG_WARN_ENUM_CONVERSION = YES;
				CLANG_WARN_INFINITE_RECURSION = YES;
				CLANG_WARN_INT_CONVERSION = YES;
				CLANG_WARN_NON_LITERAL_NULL_CONVERSION = YES;
				CLANG_WARN_OBJC_IMPLICIT_RETAIN_SELF = YES;
				CLANG_WARN_OBJC_LITERAL_CONVERSION = YES;
				CLANG_WARN_OBJC_ROOT_CLASS = YES_ERROR;
				CLANG_WARN_QUOTED_INCLUDE_IN_FRAMEWORK_HEADER = YES;
				CLANG_WARN_RANGE_LOOP_ANALYSIS = YES;
				CLANG_WARN_STRICT_PROTOTYPES = YES;
				CLANG_WARN_SUSPICIOUS_MOVE = YES;
				CLANG_WARN_UNGUARDED_AVAILABILITY = YES_AGGRESSIVE;
				CLANG_WARN_UNREACHABLE_CODE = YES;
				CLANG_WARN__DUPLICATE_METHOD_MATCH = YES;
				COPY_PHASE_STRIP = NO;
				DEBUG_INFORMATION_FORMAT = dwarf;
				ENABLE_STRICT_OBJC_MSGSEND = YES;
				ENABLE_TESTABILITY = YES;
				GCC_C_LANGUAGE_STANDARD = gnu11;
				GCC_DYNAMIC_NO_PIC = NO;
				GCC_NO_COMMON_BLOCKS = YES;
				GCC_OPTIMIZATION_LEVEL = 0;
				GCC_PREPROCESSOR_DEFINITIONS = (
					"DEBUG=1",
					"$(inherited)",
				);
				GCC_WARN_64_TO_32_BIT_CONVERSION = YES;
				GCC_WARN_ABOUT_RETURN_TYPE = YES_ERROR;
				GCC_WARN_UNDECLARED_SELECTOR = YES;
				GCC_WARN_UNINITIALIZED_AUTOS = YES_AGGRESSIVE;
				GCC_WARN_UNUSED_FUNCTION = YES;
				GCC_WARN_UNUSED_VARIABLE = YES;
				IPHONEOS_DEPLOYMENT_TARGET = 16.1;
				MTL_ENABLE_DEBUG_INFO = INCLUDE_SOURCE;
				MTL_FAST_MATH = YES;
				ONLY_ACTIVE_ARCH = YES;
				SDKROOT = iphoneos;
				SWIFT_ACTIVE_COMPILATION_CONDITIONS = DEBUG;
				SWIFT_OPTIMIZATION_LEVEL = "-Onone";
			};
			name = Debug;
		};
		89C507C929715FE300F2409B /* Release */ = {
			isa = XCBuildConfiguration;
			buildSettings = {
				ALWAYS_SEARCH_USER_PATHS = NO;
				CLANG_ANALYZER_NONNULL = YES;
				CLANG_ANALYZER_NUMBER_OBJECT_CONVERSION = YES_AGGRESSIVE;
				CLANG_CXX_LANGUAGE_STANDARD = "gnu++20";
				CLANG_ENABLE_MODULES = YES;
				CLANG_ENABLE_OBJC_ARC = YES;
				CLANG_ENABLE_OBJC_WEAK = YES;
				CLANG_WARN_BLOCK_CAPTURE_AUTORELEASING = YES;
				CLANG_WARN_BOOL_CONVERSION = YES;
				CLANG_WARN_COMMA = YES;
				CLANG_WARN_CONSTANT_CONVERSION = YES;
				CLANG_WARN_DEPRECATED_OBJC_IMPLEMENTATIONS = YES;
				CLANG_WARN_DIRECT_OBJC_ISA_USAGE = YES_ERROR;
				CLANG_WARN_DOCUMENTATION_COMMENTS = YES;
				CLANG_WARN_EMPTY_BODY = YES;
				CLANG_WARN_ENUM_CONVERSION = YES;
				CLANG_WARN_INFINITE_RECURSION = YES;
				CLANG_WARN_INT_CONVERSION = YES;
				CLANG_WARN_NON_LITERAL_NULL_CONVERSION = YES;
				CLANG_WARN_OBJC_IMPLICIT_RETAIN_SELF = YES;
				CLANG_WARN_OBJC_LITERAL_CONVERSION = YES;
				CLANG_WARN_OBJC_ROOT_CLASS = YES_ERROR;
				CLANG_WARN_QUOTED_INCLUDE_IN_FRAMEWORK_HEADER = YES;
				CLANG_WARN_RANGE_LOOP_ANALYSIS = YES;
				CLANG_WARN_STRICT_PROTOTYPES = YES;
				CLANG_WARN_SUSPICIOUS_MOVE = YES;
				CLANG_WARN_UNGUARDED_AVAILABILITY = YES_AGGRESSIVE;
				CLANG_WARN_UNREACHABLE_CODE = YES;
				CLANG_WARN__DUPLICATE_METHOD_MATCH = YES;
				COPY_PHASE_STRIP = NO;
				DEBUG_INFORMATION_FORMAT = "dwarf-with-dsym";
				ENABLE_NS_ASSERTIONS = NO;
				ENABLE_STRICT_OBJC_MSGSEND = YES;
				GCC_C_LANGUAGE_STANDARD = gnu11;
				GCC_NO_COMMON_BLOCKS = YES;
				GCC_WARN_64_TO_32_BIT_CONVERSION = YES;
				GCC_WARN_ABOUT_RETURN_TYPE = YES_ERROR;
				GCC_WARN_UNDECLARED_SELECTOR = YES;
				GCC_WARN_UNINITIALIZED_AUTOS = YES_AGGRESSIVE;
				GCC_WARN_UNUSED_FUNCTION = YES;
				GCC_WARN_UNUSED_VARIABLE = YES;
				IPHONEOS_DEPLOYMENT_TARGET = 16.1;
				MTL_ENABLE_DEBUG_INFO = NO;
				MTL_FAST_MATH = YES;
				SDKROOT = iphoneos;
				SWIFT_COMPILATION_MODE = wholemodule;
				SWIFT_OPTIMIZATION_LEVEL = "-O";
				VALIDATE_PRODUCT = YES;
			};
			name = Release;
		};
		89C507CB29715FE300F2409B /* Debug */ = {
			isa = XCBuildConfiguration;
			buildSettings = {
				ASSETCATALOG_COMPILER_APPICON_NAME = AppIcon;
				ASSETCATALOG_COMPILER_GLOBAL_ACCENT_COLOR_NAME = AccentColor;
				CODE_SIGN_STYLE = Automatic;
				CURRENT_PROJECT_VERSION = 1;
				DEVELOPMENT_TEAM = U8GSKB5S38;
				GENERATE_INFOPLIST_FILE = YES;
				INFOPLIST_FILE = CollectionInsideTable/Info.plist;
				INFOPLIST_KEY_UIApplicationSupportsIndirectInputEvents = YES;
				INFOPLIST_KEY_UILaunchStoryboardName = LaunchScreen;
				INFOPLIST_KEY_UIMainStoryboardFile = Main;
				INFOPLIST_KEY_UISupportedInterfaceOrientations_iPad = "UIInterfaceOrientationPortrait UIInterfaceOrientationPortraitUpsideDown UIInterfaceOrientationLandscapeLeft UIInterfaceOrientationLandscapeRight";
				INFOPLIST_KEY_UISupportedInterfaceOrientations_iPhone = "UIInterfaceOrientationPortrait UIInterfaceOrientationLandscapeLeft UIInterfaceOrientationLandscapeRight";
				LD_RUNPATH_SEARCH_PATHS = (
					"$(inherited)",
					"@executable_path/Frameworks",
				);
				MARKETING_VERSION = 1.0;
				PRODUCT_BUNDLE_IDENTIFIER = com.bjitgroup.hello.CollectionInsideTable;
				PRODUCT_NAME = "$(TARGET_NAME)";
				SWIFT_EMIT_LOC_STRINGS = YES;
				SWIFT_VERSION = 5.0;
				TARGETED_DEVICE_FAMILY = "1,2";
			};
			name = Debug;
		};
		89C507CC29715FE300F2409B /* Release */ = {
			isa = XCBuildConfiguration;
			buildSettings = {
				ASSETCATALOG_COMPILER_APPICON_NAME = AppIcon;
				ASSETCATALOG_COMPILER_GLOBAL_ACCENT_COLOR_NAME = AccentColor;
				CODE_SIGN_STYLE = Automatic;
				CURRENT_PROJECT_VERSION = 1;
				DEVELOPMENT_TEAM = U8GSKB5S38;
				GENERATE_INFOPLIST_FILE = YES;
				INFOPLIST_FILE = CollectionInsideTable/Info.plist;
				INFOPLIST_KEY_UIApplicationSupportsIndirectInputEvents = YES;
				INFOPLIST_KEY_UILaunchStoryboardName = LaunchScreen;
				INFOPLIST_KEY_UIMainStoryboardFile = Main;
				INFOPLIST_KEY_UISupportedInterfaceOrientations_iPad = "UIInterfaceOrientationPortrait UIInterfaceOrientationPortraitUpsideDown UIInterfaceOrientationLandscapeLeft UIInterfaceOrientationLandscapeRight";
				INFOPLIST_KEY_UISupportedInterfaceOrientations_iPhone = "UIInterfaceOrientationPortrait UIInterfaceOrientationLandscapeLeft UIInterfaceOrientationLandscapeRight";
				LD_RUNPATH_SEARCH_PATHS = (
					"$(inherited)",
					"@executable_path/Frameworks",
				);
				MARKETING_VERSION = 1.0;
				PRODUCT_BUNDLE_IDENTIFIER = com.bjitgroup.hello.CollectionInsideTable;
				PRODUCT_NAME = "$(TARGET_NAME)";
				SWIFT_EMIT_LOC_STRINGS = YES;
				SWIFT_VERSION = 5.0;
				TARGETED_DEVICE_FAMILY = "1,2";
			};
			name = Release;
		};
/* End XCBuildConfiguration section */

/* Begin XCConfigurationList section */
		89C507B129715FE200F2409B /* Build configuration list for PBXProject "CollectionInsideTable" */ = {
			isa = XCConfigurationList;
			buildConfigurations = (
				89C507C829715FE300F2409B /* Debug */,
				89C507C929715FE300F2409B /* Release */,
			);
			defaultConfigurationIsVisible = 0;
			defaultConfigurationName = Release;
		};
		89C507CA29715FE300F2409B /* Build configuration list for PBXNativeTarget "CollectionInsideTable" */ = {
			isa = XCConfigurationList;
			buildConfigurations = (
				89C507CB29715FE300F2409B /* Debug */,
				89C507CC29715FE300F2409B /* Release */,
			);
			defaultConfigurationIsVisible = 0;
			defaultConfigurationName = Release;
		};
/* End XCConfigurationList section */
	};
	rootObject = 89C507AE29715FE200F2409B /* Project object */;
}
